
Microsoft Visual Studio Solution File, Format Version 12.00
# Visual Studio Version 16
VisualStudioVersion = 16.0.30011.22
MinimumVisualStudioVersion = 10.0.40219.1
Project("{F14B399A-7131-4C87-9E4B-1186C45EF12D}") = "Client Acceptance", "Client Acceptance\Client Acceptance.rptproj", "{B167250A-5ADF-4B64-89A1-7E247AB385D5}"
EndProject
Project("{F14B399A-7131-4C87-9E4B-1186C45EF12D}") = "Team Members", "Team Members\Team Members.rptproj", "{EC94136A-7066-4E29-A042-85F641EDBDFD}"
EndProject
Project("{F14B399A-7131-4C87-9E4B-1186C45EF12D}") = "Practice Engine Setup", "Practice Engine Setup\Practice Engine Setup.rptproj", "{9DD47B7C-C5CC-4645-A45F-EAD4B55888D6}"
EndProject
Project("{F14B399A-7131-4C87-9E4B-1186C45EF12D}") = "Assurance", "Assurance\Assurance.rptproj", "{C0D967C7-26F9-45AC-B895-AD52010E0679}"
EndProject
Project("{F14B399A-7131-4C87-9E4B-1186C45EF12D}") = "Financial Maintenance", "Financial Maintenance\Financial Maintenance.rptproj", "{8B8EF46A-BAED-407B-9995-139C9C7A35F6}"
EndProject
Project("{F14B399A-7131-4C87-9E4B-1186C45EF12D}") = "People FIRST", "People FIRST\People FIRST.rptproj", "{9EB49967-CD01-46C4-A3DB-A50F536B2F4E}"
EndProject
Project("{F14B399A-7131-4C87-9E4B-1186C45EF12D}") = "Tax Services", "Tax Services\Tax Services.rptproj", "{F9DCF217-2FF5-4B8C-ADCB-ED5420ECE6C4}"
EndProject
Project("{F14B399A-7131-4C87-9E4B-1186C45EF12D}") = "People Growth and Engagement", "People Growth and Engagement\People Growth and Engagement.rptproj", "{CF092E96-6AE6-44B8-850B-15A4F58D0D21}"
EndProject
Project("{F14B399A-7131-4C87-9E4B-1186C45EF12D}") = "GS Onboarding", "GS Onboarding\GS Onboarding.rptproj", "{217886FB-2391-4FA0-A012-D4F449DE92ED}"
EndProject
Project("{F14B399A-7131-4C87-9E4B-1186C45EF12D}") = "PE Finance Live Data", "PE Finance Live Data\PE Finance Live Data.rptproj", "{1D98CED8-9BA4-4635-9B0A-31082CBEB376}"
EndProject
Project("{F14B399A-7131-4C87-9E4B-1186C45EF12D}") = "Practice Engine", "Practice Engine\Practice Engine.rptproj", "{FB7FAD39-77E8-499A-9F21-8B0588F1C31B}"
EndProject
Project("{F14B399A-7131-4C87-9E4B-1186C45EF12D}") = "Finance Live Data", "Finance Live Data\Finance Live Data.rptproj", "{89329E62-06C5-48EB-8E77-D495A88270C3}"
EndProject
Project("{F14B399A-7131-4C87-9E4B-1186C45EF12D}") = "Legacy Client Acceptance", "Legacy Client Acceptance\Legacy Client Acceptance.rptproj", "{8585FE94-B676-46B9-B51C-4C652C3CAFA9}"
EndProject
Project("{F14B399A-7131-4C87-9E4B-1186C45EF12D}") = "Legacy Practice Management", "Legacy Practice Management\Legacy Practice Management.rptproj", "{A819EEA2-08AE-449E-8101-4EA295677FCD}"
EndProject
Project("{F14B399A-7131-4C87-9E4B-1186C45EF12D}") = "Legacy Timesheet Approval", "Legacy Timesheet Approval\Legacy Timesheet Approval.rptproj", "{8D3B1BE3-1B72-4F87-8318-22B02B8AC3AE}"
EndProject
Project("{F14B399A-7131-4C87-9E4B-1186C45EF12D}") = "Legacy BP", "Legacy BP\Legacy BP.rptproj", "{D09BB7D2-17D8-4097-876F-7FCE2AEA0C13}"
EndProject
Project("{F14B399A-7131-4C87-9E4B-1186C45EF12D}") = "Legacy Business Advisory and Accounting", "Legacy Business Advisory and Accounting\Legacy Business Advisory and Accounting.rptproj", "{71B26BA7-EF11-4738-AF6E-BFE9E9CA4B58}"
EndProject
Project("{F14B399A-7131-4C87-9E4B-1186C45EF12D}") = "Legacy Financial Services", "Legacy Financial Services\Legacy Financial Services.rptproj", "{DDFA15CA-DF50-4D2A-845E-B15EE9CC5554}"
EndProject
Project("{F14B399A-7131-4C87-9E4B-1186C45EF12D}") = "Legacy Metrics", "Legacy Metrics\Legacy Metrics.rptproj", "{1172A1FE-3616-4801-BD8F-2E9DBA200FB8}"
EndProject
Project("{F14B399A-7131-4C87-9E4B-1186C45EF12D}") = "Legacy Franchise", "Legacy Franchise\Legacy Franchise.rptproj", "{C7108747-D5AC-464A-BA52-C2FD4FC2B79C}"
EndProject
Project("{F14B399A-7131-4C87-9E4B-1186C45EF12D}") = "Legacy Health Care Valuation", "Legacy Health Care Valuation\Legacy Health Care Valuation.rptproj", "{30AD3CE4-B4B5-4C45-9142-144E59DC76BE}"
EndProject
Project("{F14B399A-7131-4C87-9E4B-1186C45EF12D}") = "Legacy Reimbursement and Advisory", "Legacy Reimbursement and Advisory\Legacy Reimbursement and Advisory.rptproj", "{B18A6F80-34EC-403F-AA1B-CE4FB7AF5C50}"
EndProject
Project("{F14B399A-7131-4C87-9E4B-1186C45EF12D}") = "Legacy Tax", "Legacy Tax\Legacy Tax.rptproj", "{98FCF65F-3B29-493A-B026-BE83D78D7291}"
EndProject
Project("{F14B399A-7131-4C87-9E4B-1186C45EF12D}") = "GS Administration", "GS Administration\GS Administration.rptproj", "{29F6BA8D-C9BC-4DD9-8377-BE5D07E9DBC1}"
EndProject
Project("{F14B399A-7131-4C87-9E4B-1186C45EF12D}") = "Virginia Tourism", "Virginia Tourism\Virginia Tourism.rptproj", "{EA44CE11-2960-4EDF-8B01-58F0B674D4D0}"
EndProject
Project("{F14B399A-7131-4C87-9E4B-1186C45EF12D}") = "GS Terminated", "GS Terminated\GS Terminated.rptproj", "{AE3C0035-FE32-44BD-A8C1-A4576777B863}"
EndProject
Project("{F14B399A-7131-4C87-9E4B-1186C45EF12D}") = "Cyber Financial", "Cyber Financial\Cyber Financial.rptproj", "{E4FCFB7E-4FE9-4910-8076-5AF04A8ED9DE}"
EndProject
Project("{F14B399A-7131-4C87-9E4B-1186C45EF12D}") = "MSDH", "MSDH\MSDH.rptproj", "{C26A1C43-6A40-440D-98FC-AA6BF179C0A2}"
EndProject
Project("{F14B399A-7131-4C87-9E4B-1186C45EF12D}") = "Covid Response Services", "Covid Response Services\Covid Response Services.rptproj", "{CC15F7DC-2FEA-4C68-9D4D-6E3AD5516C3F}"
EndProject
Project("{F14B399A-7131-4C87-9E4B-1186C45EF12D}") = "Healthcare", "Healthcare\Healthcare.rptproj", "{F82219F3-3F8D-4910-B175-2D577B2F7AB1}"
EndProject
Project("{F14B399A-7131-4C87-9E4B-1186C45EF12D}") = "GS Billing Team", "GS Billing Team\GS Billing Team.rptproj", "{E22DCB4F-D996-4CEE-8639-2C94E6543696}"
EndProject
Project("{F14B399A-7131-4C87-9E4B-1186C45EF12D}") = "Management Reports", "Management Reports\Management Reports.rptproj", "{03EA0B76-D392-4554-BB17-EA2C76490834}"
EndProject
Project("{F14B399A-7131-4C87-9E4B-1186C45EF12D}") = "Construction Time and Expense", "Construction Time and Expense\Construction Time and Expense.rptproj", "{1CDBF022-CD98-4434-9A80-8DD5C3C966DF}"
EndProject
Project("{F14B399A-7131-4C87-9E4B-1186C45EF12D}") = "Construction AR", "Construction AR\Construction AR.rptproj", "{B2C15F58-B128-4FEC-A265-164BE4927A39}"
EndProject
Global
	GlobalSection(SolutionConfigurationPlatforms) = preSolution
		Debug|Default = Debug|Default
		DebugLocal|Default = DebugLocal|Default
		Release|Default = Release|Default
	EndGlobalSection
	GlobalSection(ProjectConfigurationPlatforms) = postSolution
		{B167250A-5ADF-4B64-89A1-7E247AB385D5}.Debug|Default.ActiveCfg = Debug
		{B167250A-5ADF-4B64-89A1-7E247AB385D5}.Debug|Default.Build.0 = Debug
		{B167250A-5ADF-4B64-89A1-7E247AB385D5}.Debug|Default.Deploy.0 = Debug
		{B167250A-5ADF-4B64-89A1-7E247AB385D5}.DebugLocal|Default.ActiveCfg = DebugLocal
		{B167250A-5ADF-4B64-89A1-7E247AB385D5}.DebugLocal|Default.Build.0 = DebugLocal
		{B167250A-5ADF-4B64-89A1-7E247AB385D5}.Release|Default.ActiveCfg = Release
		{B167250A-5ADF-4B64-89A1-7E247AB385D5}.Release|Default.Build.0 = Release
		{B167250A-5ADF-4B64-89A1-7E247AB385D5}.Release|Default.Deploy.0 = Release
		{EC94136A-7066-4E29-A042-85F641EDBDFD}.Debug|Default.ActiveCfg = Debug
		{EC94136A-7066-4E29-A042-85F641EDBDFD}.Debug|Default.Build.0 = Debug
		{EC94136A-7066-4E29-A042-85F641EDBDFD}.Debug|Default.Deploy.0 = Debug
		{EC94136A-7066-4E29-A042-85F641EDBDFD}.DebugLocal|Default.ActiveCfg = DebugLocal
		{EC94136A-7066-4E29-A042-85F641EDBDFD}.DebugLocal|Default.Build.0 = DebugLocal
		{EC94136A-7066-4E29-A042-85F641EDBDFD}.Release|Default.ActiveCfg = Release
		{EC94136A-7066-4E29-A042-85F641EDBDFD}.Release|Default.Build.0 = Release
		{EC94136A-7066-4E29-A042-85F641EDBDFD}.Release|Default.Deploy.0 = Release
		{9DD47B7C-C5CC-4645-A45F-EAD4B55888D6}.Debug|Default.ActiveCfg = Debug
		{9DD47B7C-C5CC-4645-A45F-EAD4B55888D6}.Debug|Default.Build.0 = Debug
		{9DD47B7C-C5CC-4645-A45F-EAD4B55888D6}.Debug|Default.Deploy.0 = Debug
		{9DD47B7C-C5CC-4645-A45F-EAD4B55888D6}.DebugLocal|Default.ActiveCfg = DebugLocal
		{9DD47B7C-C5CC-4645-A45F-EAD4B55888D6}.DebugLocal|Default.Build.0 = DebugLocal
		{9DD47B7C-C5CC-4645-A45F-EAD4B55888D6}.Release|Default.ActiveCfg = Release
		{9DD47B7C-C5CC-4645-A45F-EAD4B55888D6}.Release|Default.Build.0 = Release
		{9DD47B7C-C5CC-4645-A45F-EAD4B55888D6}.Release|Default.Deploy.0 = Release
		{C0D967C7-26F9-45AC-B895-AD52010E0679}.Debug|Default.ActiveCfg = Debug
		{C0D967C7-26F9-45AC-B895-AD52010E0679}.Debug|Default.Build.0 = Debug
		{C0D967C7-26F9-45AC-B895-AD52010E0679}.Debug|Default.Deploy.0 = Debug
		{C0D967C7-26F9-45AC-B895-AD52010E0679}.DebugLocal|Default.ActiveCfg = DebugLocal
		{C0D967C7-26F9-45AC-B895-AD52010E0679}.DebugLocal|Default.Build.0 = DebugLocal
		{C0D967C7-26F9-45AC-B895-AD52010E0679}.Release|Default.ActiveCfg = Release
		{C0D967C7-26F9-45AC-B895-AD52010E0679}.Release|Default.Build.0 = Release
		{C0D967C7-26F9-45AC-B895-AD52010E0679}.Release|Default.Deploy.0 = Release
		{8B8EF46A-BAED-407B-9995-139C9C7A35F6}.Debug|Default.ActiveCfg = Debug
		{8B8EF46A-BAED-407B-9995-139C9C7A35F6}.Debug|Default.Build.0 = Debug
		{8B8EF46A-BAED-407B-9995-139C9C7A35F6}.Debug|Default.Deploy.0 = Debug
		{8B8EF46A-BAED-407B-9995-139C9C7A35F6}.DebugLocal|Default.ActiveCfg = DebugLocal
		{8B8EF46A-BAED-407B-9995-139C9C7A35F6}.DebugLocal|Default.Build.0 = DebugLocal
		{8B8EF46A-BAED-407B-9995-139C9C7A35F6}.Release|Default.ActiveCfg = Release
		{8B8EF46A-BAED-407B-9995-139C9C7A35F6}.Release|Default.Build.0 = Release
		{8B8EF46A-BAED-407B-9995-139C9C7A35F6}.Release|Default.Deploy.0 = Release
		{9EB49967-CD01-46C4-A3DB-A50F536B2F4E}.Debug|Default.ActiveCfg = Debug
		{9EB49967-CD01-46C4-A3DB-A50F536B2F4E}.Debug|Default.Build.0 = Debug
		{9EB49967-CD01-46C4-A3DB-A50F536B2F4E}.Debug|Default.Deploy.0 = Debug
		{9EB49967-CD01-46C4-A3DB-A50F536B2F4E}.DebugLocal|Default.ActiveCfg = DebugLocal
		{9EB49967-CD01-46C4-A3DB-A50F536B2F4E}.DebugLocal|Default.Build.0 = DebugLocal
		{9EB49967-CD01-46C4-A3DB-A50F536B2F4E}.Release|Default.ActiveCfg = Release
		{9EB49967-CD01-46C4-A3DB-A50F536B2F4E}.Release|Default.Build.0 = Release
		{9EB49967-CD01-46C4-A3DB-A50F536B2F4E}.Release|Default.Deploy.0 = Release
		{F9DCF217-2FF5-4B8C-ADCB-ED5420ECE6C4}.Debug|Default.ActiveCfg = Debug
		{F9DCF217-2FF5-4B8C-ADCB-ED5420ECE6C4}.Debug|Default.Build.0 = Debug
		{F9DCF217-2FF5-4B8C-ADCB-ED5420ECE6C4}.Debug|Default.Deploy.0 = Debug
		{F9DCF217-2FF5-4B8C-ADCB-ED5420ECE6C4}.DebugLocal|Default.ActiveCfg = DebugLocal
		{F9DCF217-2FF5-4B8C-ADCB-ED5420ECE6C4}.DebugLocal|Default.Build.0 = DebugLocal
		{F9DCF217-2FF5-4B8C-ADCB-ED5420ECE6C4}.DebugLocal|Default.Deploy.0 = DebugLocal
		{F9DCF217-2FF5-4B8C-ADCB-ED5420ECE6C4}.Release|Default.ActiveCfg = Release
		{F9DCF217-2FF5-4B8C-ADCB-ED5420ECE6C4}.Release|Default.Build.0 = Release
		{F9DCF217-2FF5-4B8C-ADCB-ED5420ECE6C4}.Release|Default.Deploy.0 = Release
		{CF092E96-6AE6-44B8-850B-15A4F58D0D21}.Debug|Default.ActiveCfg = Debug
		{CF092E96-6AE6-44B8-850B-15A4F58D0D21}.Debug|Default.Build.0 = Debug
		{CF092E96-6AE6-44B8-850B-15A4F58D0D21}.Debug|Default.Deploy.0 = Debug
		{CF092E96-6AE6-44B8-850B-15A4F58D0D21}.DebugLocal|Default.ActiveCfg = DebugLocal
		{CF092E96-6AE6-44B8-850B-15A4F58D0D21}.DebugLocal|Default.Build.0 = DebugLocal
		{CF092E96-6AE6-44B8-850B-15A4F58D0D21}.Release|Default.ActiveCfg = Release
		{CF092E96-6AE6-44B8-850B-15A4F58D0D21}.Release|Default.Build.0 = Release
		{CF092E96-6AE6-44B8-850B-15A4F58D0D21}.Release|Default.Deploy.0 = Release
		{217886FB-2391-4FA0-A012-D4F449DE92ED}.Debug|Default.ActiveCfg = Debug
		{217886FB-2391-4FA0-A012-D4F449DE92ED}.Debug|Default.Build.0 = Debug
		{217886FB-2391-4FA0-A012-D4F449DE92ED}.Debug|Default.Deploy.0 = Debug
		{217886FB-2391-4FA0-A012-D4F449DE92ED}.DebugLocal|Default.ActiveCfg = DebugLocal
		{217886FB-2391-4FA0-A012-D4F449DE92ED}.DebugLocal|Default.Build.0 = DebugLocal
		{217886FB-2391-4FA0-A012-D4F449DE92ED}.Release|Default.ActiveCfg = Release
		{217886FB-2391-4FA0-A012-D4F449DE92ED}.Release|Default.Build.0 = Release
		{217886FB-2391-4FA0-A012-D4F449DE92ED}.Release|Default.Deploy.0 = Release
		{1D98CED8-9BA4-4635-9B0A-31082CBEB376}.Debug|Default.ActiveCfg = Debug
		{1D98CED8-9BA4-4635-9B0A-31082CBEB376}.Debug|Default.Build.0 = Debug
		{1D98CED8-9BA4-4635-9B0A-31082CBEB376}.Debug|Default.Deploy.0 = Debug
		{1D98CED8-9BA4-4635-9B0A-31082CBEB376}.DebugLocal|Default.ActiveCfg = DebugLocal
		{1D98CED8-9BA4-4635-9B0A-31082CBEB376}.DebugLocal|Default.Build.0 = DebugLocal
		{1D98CED8-9BA4-4635-9B0A-31082CBEB376}.Release|Default.ActiveCfg = Release
		{1D98CED8-9BA4-4635-9B0A-31082CBEB376}.Release|Default.Build.0 = Release
		{1D98CED8-9BA4-4635-9B0A-31082CBEB376}.Release|Default.Deploy.0 = Release
		{FB7FAD39-77E8-499A-9F21-8B0588F1C31B}.Debug|Default.ActiveCfg = Debug
		{FB7FAD39-77E8-499A-9F21-8B0588F1C31B}.Debug|Default.Build.0 = Debug
		{FB7FAD39-77E8-499A-9F21-8B0588F1C31B}.Debug|Default.Deploy.0 = Debug
		{FB7FAD39-77E8-499A-9F21-8B0588F1C31B}.DebugLocal|Default.ActiveCfg = DebugLocal
		{FB7FAD39-77E8-499A-9F21-8B0588F1C31B}.DebugLocal|Default.Build.0 = DebugLocal
		{FB7FAD39-77E8-499A-9F21-8B0588F1C31B}.Release|Default.ActiveCfg = Release
		{FB7FAD39-77E8-499A-9F21-8B0588F1C31B}.Release|Default.Build.0 = Release
		{FB7FAD39-77E8-499A-9F21-8B0588F1C31B}.Release|Default.Deploy.0 = Release
		{89329E62-06C5-48EB-8E77-D495A88270C3}.Debug|Default.ActiveCfg = Debug
		{89329E62-06C5-48EB-8E77-D495A88270C3}.Debug|Default.Build.0 = Debug
		{89329E62-06C5-48EB-8E77-D495A88270C3}.Debug|Default.Deploy.0 = Debug
		{89329E62-06C5-48EB-8E77-D495A88270C3}.DebugLocal|Default.ActiveCfg = DebugLocal
		{89329E62-06C5-48EB-8E77-D495A88270C3}.DebugLocal|Default.Build.0 = DebugLocal
		{89329E62-06C5-48EB-8E77-D495A88270C3}.Release|Default.ActiveCfg = Release
		{89329E62-06C5-48EB-8E77-D495A88270C3}.Release|Default.Build.0 = Release
		{89329E62-06C5-48EB-8E77-D495A88270C3}.Release|Default.Deploy.0 = Release
		{8585FE94-B676-46B9-B51C-4C652C3CAFA9}.Debug|Default.ActiveCfg = Debug
		{8585FE94-B676-46B9-B51C-4C652C3CAFA9}.Debug|Default.Build.0 = Debug
		{8585FE94-B676-46B9-B51C-4C652C3CAFA9}.Debug|Default.Deploy.0 = Debug
		{8585FE94-B676-46B9-B51C-4C652C3CAFA9}.DebugLocal|Default.ActiveCfg = DebugLocal
		{8585FE94-B676-46B9-B51C-4C652C3CAFA9}.DebugLocal|Default.Build.0 = DebugLocal
		{8585FE94-B676-46B9-B51C-4C652C3CAFA9}.Release|Default.ActiveCfg = Release
		{8585FE94-B676-46B9-B51C-4C652C3CAFA9}.Release|Default.Build.0 = Release
		{8585FE94-B676-46B9-B51C-4C652C3CAFA9}.Release|Default.Deploy.0 = Release
		{A819EEA2-08AE-449E-8101-4EA295677FCD}.Debug|Default.ActiveCfg = Debug
		{A819EEA2-08AE-449E-8101-4EA295677FCD}.Debug|Default.Build.0 = Debug
		{A819EEA2-08AE-449E-8101-4EA295677FCD}.Debug|Default.Deploy.0 = Debug
		{A819EEA2-08AE-449E-8101-4EA295677FCD}.DebugLocal|Default.ActiveCfg = DebugLocal
		{A819EEA2-08AE-449E-8101-4EA295677FCD}.DebugLocal|Default.Build.0 = DebugLocal
		{A819EEA2-08AE-449E-8101-4EA295677FCD}.Release|Default.ActiveCfg = Release
		{A819EEA2-08AE-449E-8101-4EA295677FCD}.Release|Default.Build.0 = Release
		{A819EEA2-08AE-449E-8101-4EA295677FCD}.Release|Default.Deploy.0 = Release
		{8D3B1BE3-1B72-4F87-8318-22B02B8AC3AE}.Debug|Default.ActiveCfg = Debug
		{8D3B1BE3-1B72-4F87-8318-22B02B8AC3AE}.Debug|Default.Build.0 = Debug
		{8D3B1BE3-1B72-4F87-8318-22B02B8AC3AE}.Debug|Default.Deploy.0 = Debug
		{8D3B1BE3-1B72-4F87-8318-22B02B8AC3AE}.DebugLocal|Default.ActiveCfg = DebugLocal
		{8D3B1BE3-1B72-4F87-8318-22B02B8AC3AE}.DebugLocal|Default.Build.0 = DebugLocal
		{8D3B1BE3-1B72-4F87-8318-22B02B8AC3AE}.Release|Default.ActiveCfg = Release
		{8D3B1BE3-1B72-4F87-8318-22B02B8AC3AE}.Release|Default.Build.0 = Release
		{8D3B1BE3-1B72-4F87-8318-22B02B8AC3AE}.Release|Default.Deploy.0 = Release
		{D09BB7D2-17D8-4097-876F-7FCE2AEA0C13}.Debug|Default.ActiveCfg = Debug
		{D09BB7D2-17D8-4097-876F-7FCE2AEA0C13}.Debug|Default.Build.0 = Debug
		{D09BB7D2-17D8-4097-876F-7FCE2AEA0C13}.Debug|Default.Deploy.0 = Debug
		{D09BB7D2-17D8-4097-876F-7FCE2AEA0C13}.DebugLocal|Default.ActiveCfg = DebugLocal
		{D09BB7D2-17D8-4097-876F-7FCE2AEA0C13}.DebugLocal|Default.Build.0 = DebugLocal
		{D09BB7D2-17D8-4097-876F-7FCE2AEA0C13}.Release|Default.ActiveCfg = Release
		{D09BB7D2-17D8-4097-876F-7FCE2AEA0C13}.Release|Default.Build.0 = Release
		{D09BB7D2-17D8-4097-876F-7FCE2AEA0C13}.Release|Default.Deploy.0 = Release
		{71B26BA7-EF11-4738-AF6E-BFE9E9CA4B58}.Debug|Default.ActiveCfg = Debug
		{71B26BA7-EF11-4738-AF6E-BFE9E9CA4B58}.Debug|Default.Build.0 = Debug
		{71B26BA7-EF11-4738-AF6E-BFE9E9CA4B58}.Debug|Default.Deploy.0 = Debug
		{71B26BA7-EF11-4738-AF6E-BFE9E9CA4B58}.DebugLocal|Default.ActiveCfg = DebugLocal
		{71B26BA7-EF11-4738-AF6E-BFE9E9CA4B58}.DebugLocal|Default.Build.0 = DebugLocal
		{71B26BA7-EF11-4738-AF6E-BFE9E9CA4B58}.Release|Default.ActiveCfg = Release
		{71B26BA7-EF11-4738-AF6E-BFE9E9CA4B58}.Release|Default.Build.0 = Release
		{71B26BA7-EF11-4738-AF6E-BFE9E9CA4B58}.Release|Default.Deploy.0 = Release
		{DDFA15CA-DF50-4D2A-845E-B15EE9CC5554}.Debug|Default.ActiveCfg = Debug
		{DDFA15CA-DF50-4D2A-845E-B15EE9CC5554}.Debug|Default.Build.0 = Debug
		{DDFA15CA-DF50-4D2A-845E-B15EE9CC5554}.Debug|Default.Deploy.0 = Debug
		{DDFA15CA-DF50-4D2A-845E-B15EE9CC5554}.DebugLocal|Default.ActiveCfg = DebugLocal
		{DDFA15CA-DF50-4D2A-845E-B15EE9CC5554}.DebugLocal|Default.Build.0 = DebugLocal
		{DDFA15CA-DF50-4D2A-845E-B15EE9CC5554}.Release|Default.ActiveCfg = Release
		{DDFA15CA-DF50-4D2A-845E-B15EE9CC5554}.Release|Default.Build.0 = Release
		{DDFA15CA-DF50-4D2A-845E-B15EE9CC5554}.Release|Default.Deploy.0 = Release
		{1172A1FE-3616-4801-BD8F-2E9DBA200FB8}.Debug|Default.ActiveCfg = Debug
		{1172A1FE-3616-4801-BD8F-2E9DBA200FB8}.Debug|Default.Build.0 = Debug
		{1172A1FE-3616-4801-BD8F-2E9DBA200FB8}.Debug|Default.Deploy.0 = Debug
		{1172A1FE-3616-4801-BD8F-2E9DBA200FB8}.DebugLocal|Default.ActiveCfg = DebugLocal
		{1172A1FE-3616-4801-BD8F-2E9DBA200FB8}.DebugLocal|Default.Build.0 = DebugLocal
		{1172A1FE-3616-4801-BD8F-2E9DBA200FB8}.Release|Default.ActiveCfg = Release
		{1172A1FE-3616-4801-BD8F-2E9DBA200FB8}.Release|Default.Build.0 = Release
		{1172A1FE-3616-4801-BD8F-2E9DBA200FB8}.Release|Default.Deploy.0 = Release
		{C7108747-D5AC-464A-BA52-C2FD4FC2B79C}.Debug|Default.ActiveCfg = Debug
		{C7108747-D5AC-464A-BA52-C2FD4FC2B79C}.Debug|Default.Build.0 = Debug
		{C7108747-D5AC-464A-BA52-C2FD4FC2B79C}.Debug|Default.Deploy.0 = Debug
		{C7108747-D5AC-464A-BA52-C2FD4FC2B79C}.DebugLocal|Default.ActiveCfg = DebugLocal
		{C7108747-D5AC-464A-BA52-C2FD4FC2B79C}.DebugLocal|Default.Build.0 = DebugLocal
		{C7108747-D5AC-464A-BA52-C2FD4FC2B79C}.Release|Default.ActiveCfg = Release
		{C7108747-D5AC-464A-BA52-C2FD4FC2B79C}.Release|Default.Build.0 = Release
		{C7108747-D5AC-464A-BA52-C2FD4FC2B79C}.Release|Default.Deploy.0 = Release
		{30AD3CE4-B4B5-4C45-9142-144E59DC76BE}.Debug|Default.ActiveCfg = Debug
		{30AD3CE4-B4B5-4C45-9142-144E59DC76BE}.Debug|Default.Build.0 = Debug
		{30AD3CE4-B4B5-4C45-9142-144E59DC76BE}.Debug|Default.Deploy.0 = Debug
		{30AD3CE4-B4B5-4C45-9142-144E59DC76BE}.DebugLocal|Default.ActiveCfg = DebugLocal
		{30AD3CE4-B4B5-4C45-9142-144E59DC76BE}.DebugLocal|Default.Build.0 = DebugLocal
		{30AD3CE4-B4B5-4C45-9142-144E59DC76BE}.Release|Default.ActiveCfg = Release
		{30AD3CE4-B4B5-4C45-9142-144E59DC76BE}.Release|Default.Build.0 = Release
		{30AD3CE4-B4B5-4C45-9142-144E59DC76BE}.Release|Default.Deploy.0 = Release
		{B18A6F80-34EC-403F-AA1B-CE4FB7AF5C50}.Debug|Default.ActiveCfg = Debug
		{B18A6F80-34EC-403F-AA1B-CE4FB7AF5C50}.Debug|Default.Build.0 = Debug
		{B18A6F80-34EC-403F-AA1B-CE4FB7AF5C50}.Debug|Default.Deploy.0 = Debug
		{B18A6F80-34EC-403F-AA1B-CE4FB7AF5C50}.DebugLocal|Default.ActiveCfg = DebugLocal
		{B18A6F80-34EC-403F-AA1B-CE4FB7AF5C50}.DebugLocal|Default.Build.0 = DebugLocal
		{B18A6F80-34EC-403F-AA1B-CE4FB7AF5C50}.Release|Default.ActiveCfg = Release
		{B18A6F80-34EC-403F-AA1B-CE4FB7AF5C50}.Release|Default.Build.0 = Release
		{B18A6F80-34EC-403F-AA1B-CE4FB7AF5C50}.Release|Default.Deploy.0 = Release
		{98FCF65F-3B29-493A-B026-BE83D78D7291}.Debug|Default.ActiveCfg = Debug
		{98FCF65F-3B29-493A-B026-BE83D78D7291}.Debug|Default.Build.0 = Debug
		{98FCF65F-3B29-493A-B026-BE83D78D7291}.Debug|Default.Deploy.0 = Debug
		{98FCF65F-3B29-493A-B026-BE83D78D7291}.DebugLocal|Default.ActiveCfg = DebugLocal
		{98FCF65F-3B29-493A-B026-BE83D78D7291}.DebugLocal|Default.Build.0 = DebugLocal
		{98FCF65F-3B29-493A-B026-BE83D78D7291}.Release|Default.ActiveCfg = Release
		{98FCF65F-3B29-493A-B026-BE83D78D7291}.Release|Default.Build.0 = Release
		{98FCF65F-3B29-493A-B026-BE83D78D7291}.Release|Default.Deploy.0 = Release
		{29F6BA8D-C9BC-4DD9-8377-BE5D07E9DBC1}.Debug|Default.ActiveCfg = Debug
		{29F6BA8D-C9BC-4DD9-8377-BE5D07E9DBC1}.Debug|Default.Build.0 = Debug
		{29F6BA8D-C9BC-4DD9-8377-BE5D07E9DBC1}.Debug|Default.Deploy.0 = Debug
		{29F6BA8D-C9BC-4DD9-8377-BE5D07E9DBC1}.DebugLocal|Default.ActiveCfg = DebugLocal
		{29F6BA8D-C9BC-4DD9-8377-BE5D07E9DBC1}.DebugLocal|Default.Build.0 = DebugLocal
		{29F6BA8D-C9BC-4DD9-8377-BE5D07E9DBC1}.Release|Default.ActiveCfg = Release
		{29F6BA8D-C9BC-4DD9-8377-BE5D07E9DBC1}.Release|Default.Build.0 = Release
		{29F6BA8D-C9BC-4DD9-8377-BE5D07E9DBC1}.Release|Default.Deploy.0 = Release
		{EA44CE11-2960-4EDF-8B01-58F0B674D4D0}.Debug|Default.ActiveCfg = Debug
		{EA44CE11-2960-4EDF-8B01-58F0B674D4D0}.Debug|Default.Build.0 = Debug
		{EA44CE11-2960-4EDF-8B01-58F0B674D4D0}.Debug|Default.Deploy.0 = Debug
		{EA44CE11-2960-4EDF-8B01-58F0B674D4D0}.DebugLocal|Default.ActiveCfg = DebugLocal
		{EA44CE11-2960-4EDF-8B01-58F0B674D4D0}.DebugLocal|Default.Build.0 = DebugLocal
		{EA44CE11-2960-4EDF-8B01-58F0B674D4D0}.Release|Default.ActiveCfg = Release
		{EA44CE11-2960-4EDF-8B01-58F0B674D4D0}.Release|Default.Build.0 = Release
		{EA44CE11-2960-4EDF-8B01-58F0B674D4D0}.Release|Default.Deploy.0 = Release
		{AE3C0035-FE32-44BD-A8C1-A4576777B863}.Debug|Default.ActiveCfg = Debug
		{AE3C0035-FE32-44BD-A8C1-A4576777B863}.Debug|Default.Build.0 = Debug
		{AE3C0035-FE32-44BD-A8C1-A4576777B863}.Debug|Default.Deploy.0 = Debug
		{AE3C0035-FE32-44BD-A8C1-A4576777B863}.DebugLocal|Default.ActiveCfg = DebugLocal
		{AE3C0035-FE32-44BD-A8C1-A4576777B863}.DebugLocal|Default.Build.0 = DebugLocal
		{AE3C0035-FE32-44BD-A8C1-A4576777B863}.Release|Default.ActiveCfg = Release
		{AE3C0035-FE32-44BD-A8C1-A4576777B863}.Release|Default.Build.0 = Release
		{AE3C0035-FE32-44BD-A8C1-A4576777B863}.Release|Default.Deploy.0 = Release
		{E4FCFB7E-4FE9-4910-8076-5AF04A8ED9DE}.Debug|Default.ActiveCfg = Debug
		{E4FCFB7E-4FE9-4910-8076-5AF04A8ED9DE}.Debug|Default.Build.0 = Debug
		{E4FCFB7E-4FE9-4910-8076-5AF04A8ED9DE}.Debug|Default.Deploy.0 = Debug
		{E4FCFB7E-4FE9-4910-8076-5AF04A8ED9DE}.DebugLocal|Default.ActiveCfg = DebugLocal
		{E4FCFB7E-4FE9-4910-8076-5AF04A8ED9DE}.DebugLocal|Default.Build.0 = DebugLocal
		{E4FCFB7E-4FE9-4910-8076-5AF04A8ED9DE}.Release|Default.ActiveCfg = Release
		{E4FCFB7E-4FE9-4910-8076-5AF04A8ED9DE}.Release|Default.Build.0 = Release
		{E4FCFB7E-4FE9-4910-8076-5AF04A8ED9DE}.Release|Default.Deploy.0 = Release
		{C26A1C43-6A40-440D-98FC-AA6BF179C0A2}.Debug|Default.ActiveCfg = Debug
		{C26A1C43-6A40-440D-98FC-AA6BF179C0A2}.Debug|Default.Build.0 = Debug
		{C26A1C43-6A40-440D-98FC-AA6BF179C0A2}.Debug|Default.Deploy.0 = Debug
		{C26A1C43-6A40-440D-98FC-AA6BF179C0A2}.DebugLocal|Default.ActiveCfg = DebugLocal
		{C26A1C43-6A40-440D-98FC-AA6BF179C0A2}.DebugLocal|Default.Build.0 = DebugLocal
		{C26A1C43-6A40-440D-98FC-AA6BF179C0A2}.Release|Default.ActiveCfg = Release
		{C26A1C43-6A40-440D-98FC-AA6BF179C0A2}.Release|Default.Build.0 = Release
		{C26A1C43-6A40-440D-98FC-AA6BF179C0A2}.Release|Default.Deploy.0 = Release
		{CC15F7DC-2FEA-4C68-9D4D-6E3AD5516C3F}.Debug|Default.ActiveCfg = Debug
		{CC15F7DC-2FEA-4C68-9D4D-6E3AD5516C3F}.Debug|Default.Build.0 = Debug
		{CC15F7DC-2FEA-4C68-9D4D-6E3AD5516C3F}.Debug|Default.Deploy.0 = Debug
		{CC15F7DC-2FEA-4C68-9D4D-6E3AD5516C3F}.DebugLocal|Default.ActiveCfg = DebugLocal
		{CC15F7DC-2FEA-4C68-9D4D-6E3AD5516C3F}.DebugLocal|Default.Build.0 = DebugLocal
		{CC15F7DC-2FEA-4C68-9D4D-6E3AD5516C3F}.Release|Default.ActiveCfg = Release
		{CC15F7DC-2FEA-4C68-9D4D-6E3AD5516C3F}.Release|Default.Build.0 = Release
		{CC15F7DC-2FEA-4C68-9D4D-6E3AD5516C3F}.Release|Default.Deploy.0 = Release
		{F82219F3-3F8D-4910-B175-2D577B2F7AB1}.Debug|Default.ActiveCfg = Debug
		{F82219F3-3F8D-4910-B175-2D577B2F7AB1}.Debug|Default.Build.0 = Debug
		{F82219F3-3F8D-4910-B175-2D577B2F7AB1}.Debug|Default.Deploy.0 = Debug
		{F82219F3-3F8D-4910-B175-2D577B2F7AB1}.DebugLocal|Default.ActiveCfg = DebugLocal
		{F82219F3-3F8D-4910-B175-2D577B2F7AB1}.DebugLocal|Default.Build.0 = DebugLocal
		{F82219F3-3F8D-4910-B175-2D577B2F7AB1}.DebugLocal|Default.Deploy.0 = DebugLocal
		{F82219F3-3F8D-4910-B175-2D577B2F7AB1}.Release|Default.ActiveCfg = Release
		{F82219F3-3F8D-4910-B175-2D577B2F7AB1}.Release|Default.Build.0 = Release
		{F82219F3-3F8D-4910-B175-2D577B2F7AB1}.Release|Default.Deploy.0 = Release
		{E22DCB4F-D996-4CEE-8639-2C94E6543696}.Debug|Default.ActiveCfg = Debug
		{E22DCB4F-D996-4CEE-8639-2C94E6543696}.Debug|Default.Build.0 = Debug
		{E22DCB4F-D996-4CEE-8639-2C94E6543696}.Debug|Default.Deploy.0 = Debug
		{E22DCB4F-D996-4CEE-8639-2C94E6543696}.DebugLocal|Default.ActiveCfg = DebugLocal
		{E22DCB4F-D996-4CEE-8639-2C94E6543696}.DebugLocal|Default.Build.0 = DebugLocal
		{E22DCB4F-D996-4CEE-8639-2C94E6543696}.Release|Default.ActiveCfg = Release
		{E22DCB4F-D996-4CEE-8639-2C94E6543696}.Release|Default.Build.0 = Release
		{E22DCB4F-D996-4CEE-8639-2C94E6543696}.Release|Default.Deploy.0 = Release
		{03EA0B76-D392-4554-BB17-EA2C76490834}.Debug|Default.ActiveCfg = Debug
		{03EA0B76-D392-4554-BB17-EA2C76490834}.Debug|Default.Build.0 = Debug
		{03EA0B76-D392-4554-BB17-EA2C76490834}.Debug|Default.Deploy.0 = Debug
		{03EA0B76-D392-4554-BB17-EA2C76490834}.DebugLocal|Default.ActiveCfg = DebugLocal
		{03EA0B76-D392-4554-BB17-EA2C76490834}.DebugLocal|Default.Build.0 = DebugLocal
		{03EA0B76-D392-4554-BB17-EA2C76490834}.Release|Default.ActiveCfg = Release
		{03EA0B76-D392-4554-BB17-EA2C76490834}.Release|Default.Build.0 = Release
		{03EA0B76-D392-4554-BB17-EA2C76490834}.Release|Default.Deploy.0 = Release
		{1CDBF022-CD98-4434-9A80-8DD5C3C966DF}.Debug|Default.ActiveCfg = Debug
		{1CDBF022-CD98-4434-9A80-8DD5C3C966DF}.Debug|Default.Build.0 = Debug
		{1CDBF022-CD98-4434-9A80-8DD5C3C966DF}.Debug|Default.Deploy.0 = Debug
		{1CDBF022-CD98-4434-9A80-8DD5C3C966DF}.DebugLocal|Default.ActiveCfg = DebugLocal
		{1CDBF022-CD98-4434-9A80-8DD5C3C966DF}.DebugLocal|Default.Build.0 = DebugLocal
		{1CDBF022-CD98-4434-9A80-8DD5C3C966DF}.Release|Default.ActiveCfg = Release
		{1CDBF022-CD98-4434-9A80-8DD5C3C966DF}.Release|Default.Build.0 = Release
		{1CDBF022-CD98-4434-9A80-8DD5C3C966DF}.Release|Default.Deploy.0 = Release
		{B2C15F58-B128-4FEC-A265-164BE4927A39}.Debug|Default.ActiveCfg = Debug
		{B2C15F58-B128-4FEC-A265-164BE4927A39}.Debug|Default.Build.0 = Debug
		{B2C15F58-B128-4FEC-A265-164BE4927A39}.Debug|Default.Deploy.0 = Debug
		{B2C15F58-B128-4FEC-A265-164BE4927A39}.DebugLocal|Default.ActiveCfg = DebugLocal
		{B2C15F58-B128-4FEC-A265-164BE4927A39}.DebugLocal|Default.Build.0 = DebugLocal
		{B2C15F58-B128-4FEC-A265-164BE4927A39}.Release|Default.ActiveCfg = Release
		{B2C15F58-B128-4FEC-A265-164BE4927A39}.Release|Default.Build.0 = Release
		{B2C15F58-B128-4FEC-A265-164BE4927A39}.Release|Default.Deploy.0 = Release
	EndGlobalSection
	GlobalSection(SolutionProperties) = preSolution
		HideSolutionNode = FALSE
	EndGlobalSection
	GlobalSection(ExtensibilityGlobals) = postSolution
		SolutionGuid = {A5710A33-8A06-4BC5-9146-DEC5C8AE4B2B}
	EndGlobalSection
EndGlobal
